{
  "object": {
    "pins": [
      {
        "package": "Heap",
        "repositoryURL": "https://github.com/swiftpackages/Heap.git",
        "state": {
          "branch": null,
          "revision": "52d4abbd2df85851b6ed7104e72abbd8f49b0e6c",
          "version": "1.1.1"
        }
      },
      {
        "package": "Rainbow",
        "repositoryURL": "https://github.com/onevcat/Rainbow",
        "state": {
          "branch": null,
          "revision": "626c3d4b6b55354b4af3aa309f998fae9b31a3d9",
          "version": "3.2.0"
        }
      }
    ]
  },
  "version": 1
}
